{
  "name": "schoolmap",
  "version": "1.0.0",
  "lockfileVersion": 1,
  "requires": true,
  "dependencies": {
    "pinch-zoom-element": {
      "version": "1.1.1",
      "resolved": "https://registry.npmjs.org/pinch-zoom-element/-/pinch-zoom-element-1.1.1.tgz",
      "integrity": "sha512-aqgz+Fqw2UgMUUfxWD3UEE9YsgEyHKSma4Y2YQG+PlgX/0sTMafP8X663VlMME6G04OWyU3u2uyG86fbFEajug==",
      "dev": true,
      "requires": {
        "pointer-tracker": "^2.0.3"
      }
    },
    "pointer-tracker": {
      "version": "2.0.3",
      "resolved": "https://registry.npmjs.org/pointer-tracker/-/pointer-tracker-2.0.3.tgz",
      "integrity": "sha512-PURBF4oc45JPECuguX6oPL3pJU5AlF0Nb/4sZdmqzPNAkV4LGL9MJMqb0smWDtmQ0F0KpbxEJn4/Lf5ugN1keQ==",
      "dev": true
    }
  }
}
